
Microsoft Visual Studio Solution File, Format Version 12.00
# Visual Studio 15
Project("{FAE04EC0-301F-11D3-BF4B-00C04F79EFBC}") = "afya-hmis-mvc", "afya-hmis-mvc.csproj", "{178E694A-F429-4E5E-89C4-CDB1D0A26F0D}"
EndProject
Global
	GlobalSection(SolutionConfigurationPlatforms) = preSolution
		Debug|Any CPU = Debug|Any CPU
		Release|Any CPU = Release|Any CPU
	EndGlobalSection
	GlobalSection(ProjectConfigurationPlatforms) = postSolution
		{178E694A-F429-4E5E-89C4-CDB1D0A26F0D}.Debug|Any CPU.ActiveCfg = Debug|Any CPU
		{178E694A-F429-4E5E-89C4-CDB1D0A26F0D}.Debug|Any CPU.Build.0 = Debug|Any CPU
		{178E694A-F429-4E5E-89C4-CDB1D0A26F0D}.Release|Any CPU.ActiveCfg = Release|Any CPU
		{178E694A-F429-4E5E-89C4-CDB1D0A26F0D}.Release|Any CPU.Build.0 = Release|Any CPU
	EndGlobalSection
EndGlobal
